<?xml version="1.0" encoding="UTF-8" standalone="yes" ?>
<CodeBlocks_project_file>
	<FileVersion major="1" minor="6" />
	<Project>
		<Option title="ueb02" />
		<Option pch_mode="2" />
		<Option compiler="gcc" />
		<Build>
			<Target title="Debug">
				<Option output="bin/Debug/ueb02" prefix_auto="1" extension_auto="1" />
				<Option object_output="obj/Debug/" />
				<Option type="1" />
				<Option compiler="gcc" />
				<Compiler>
					<Add option="-g" />
				</Compiler>
			</Target>
			<Target title="Release">
				<Option output="bin/Release/ueb02" prefix_auto="1" extension_auto="1" />
				<Option object_output="obj/Release/" />
				<Option type="1" />
				<Option compiler="gcc" />
				<Compiler>
					<Add option="-O2" />
				</Compiler>
				<Linker>
					<Add option="-s" />
				</Linker>
			</Target>
		</Build>
		<Compiler>
			<Add option="-Wall" />
			<Add option="-fexceptions" />
		</Compiler>
		<Unit filename="caddress.cpp" />
		<Unit filename="caddress.hpp" />
		<Unit filename="cblock.cpp" />
		<Unit filename="cblock.hpp" />
		<Unit filename="cdate.cpp" />
		<Unit filename="cdate.hpp" />
		<Unit filename="cperson.cpp" />
		<Unit filename="cperson.hpp" />
		<Unit filename="croom.cpp" />
		<Unit filename="croom.hpp" />
		<Unit filename="ctime.cpp" />
		<Unit filename="ctime.hpp" />
		<Unit filename="ueb02.cbp" />
		<Unit filename="ueb02.cpp" />
		<Unit filename="ueb02.depend" />
		<Unit filename="ueb02.layout" />
		<Extensions />
	</Project>
</CodeBlocks_project_file>
